
Microsoft Visual Studio Solution File, Format Version 12.00
# Visual Studio Version 17
VisualStudioVersion = 17.5.33530.505
MinimumVisualStudioVersion = 10.0.40219.1
Project("{FAE04EC0-301F-11D3-BF4B-00C04F79EFBC}") = "2-3_Tree", "2-3_Tree\2-3_Tree.csproj", "{7D4A26CB-A33B-47E7-BC81-20526A869CC8}"
EndProject
Global
	GlobalSection(SolutionConfigurationPlatforms) = preSolution
		Debug|Any CPU = Debug|Any CPU
		Release|Any CPU = Release|Any CPU
	EndGlobalSection
	GlobalSection(ProjectConfigurationPlatforms) = postSolution
		{7D4A26CB-A33B-47E7-BC81-20526A869CC8}.Debug|Any CPU.ActiveCfg = Debug|Any CPU
		{7D4A26CB-A33B-47E7-BC81-20526A869CC8}.Debug|Any CPU.Build.0 = Debug|Any CPU
		{7D4A26CB-A33B-47E7-BC81-20526A869CC8}.Release|Any CPU.ActiveCfg = Release|Any CPU
		{7D4A26CB-A33B-47E7-BC81-20526A869CC8}.Release|Any CPU.Build.0 = Release|Any CPU
	EndGlobalSection
	GlobalSection(SolutionProperties) = preSolution
		HideSolutionNode = FALSE
	EndGlobalSection
	GlobalSection(ExtensibilityGlobals) = postSolution
		SolutionGuid = {33795B4E-D8D2-4C18-BF67-E3242303954B}
	EndGlobalSection
EndGlobal
